
Microsoft Visual Studio Solution File, Format Version 10.00
# Visual Studio 2008
Project("{FAE04EC0-301F-11D3-BF4B-00C04F79EFBC}") = "workflow", "workflow\workflow.csproj", "{20EE59DD-C416-4673-B128-DD05B71AB0F2}"
EndProject
Global
	GlobalSection(SolutionConfigurationPlatforms) = preSolution
		Debug|Any CPU = Debug|Any CPU
		Release|Any CPU = Release|Any CPU
	EndGlobalSection
	GlobalSection(ProjectConfigurationPlatforms) = postSolution
		{20EE59DD-C416-4673-B128-DD05B71AB0F2}.Debug|Any CPU.ActiveCfg = Debug|Any CPU
		{20EE59DD-C416-4673-B128-DD05B71AB0F2}.Debug|Any CPU.Build.0 = Debug|Any CPU
		{20EE59DD-C416-4673-B128-DD05B71AB0F2}.Release|Any CPU.ActiveCfg = Release|Any CPU
		{20EE59DD-C416-4673-B128-DD05B71AB0F2}.Release|Any CPU.Build.0 = Release|Any CPU
	EndGlobalSection
	GlobalSection(SolutionProperties) = preSolution
		HideSolutionNode = FALSE
	EndGlobalSection
EndGlobal
